// !$*UTF8*$!
{
	archiveVersion = 1;
	classes = {
	};
	objectVersion = 77;
	objects = {

/* Begin PBXBuildFile section */
		B31E1C032CC62BAF008091F4 /* NetworkKit in Frameworks */ = {isa = PBXBuildFile; productRef = B31E1C022CC62BAF008091F4 /* NetworkKit */; };
		B39F9AB92CC61BF300C09D83 /* BaseKit in Frameworks */ = {isa = PBXBuildFile; productRef = B39F9AB82CC61BF300C09D83 /* BaseKit */; };
		B39F9ABD2CC61CB600C09D83 /* BaseKit in Frameworks */ = {isa = PBXBuildFile; productRef = B39F9ABC2CC61CB600C09D83 /* BaseKit */; };
		B39F9AC52CC61E2400C09D83 /* BaseKit in Resources */ = {isa = PBXBuildFile; fileRef = B39F9AC42CC61E2400C09D83 /* BaseKit */; };
/* End PBXBuildFile section */

/* Begin PBXContainerItemProxy section */
		B39F9A482CC6145B00C09D83 /* PBXContainerItemProxy */ = {
			isa = PBXContainerItemProxy;
			containerPortal = B39F9A2F2CC6145A00C09D83 /* Project object */;
			proxyType = 1;
			remoteGlobalIDString = B39F9A362CC6145A00C09D83;
			remoteInfo = Weather;
		};
		B39F9A522CC6145B00C09D83 /* PBXContainerItemProxy */ = {
			isa = PBXContainerItemProxy;
			containerPortal = B39F9A2F2CC6145A00C09D83 /* Project object */;
			proxyType = 1;
			remoteGlobalIDString = B39F9A362CC6145A00C09D83;
			remoteInfo = Weather;
		};
/* End PBXContainerItemProxy section */

/* Begin PBXFileReference section */
		B31E1C042CC62BCE008091F4 /* NetworkKit */ = {isa = PBXFileReference; lastKnownFileType = wrapper; path = NetworkKit; sourceTree = "<group>"; };
		B39F9A372CC6145A00C09D83 /* Weather.app */ = {isa = PBXFileReference; explicitFileType = wrapper.application; includeInIndex = 0; path = Weather.app; sourceTree = BUILT_PRODUCTS_DIR; };
		B39F9A472CC6145B00C09D83 /* WeatherTests.xctest */ = {isa = PBXFileReference; explicitFileType = wrapper.cfbundle; includeInIndex = 0; path = WeatherTests.xctest; sourceTree = BUILT_PRODUCTS_DIR; };
		B39F9A512CC6145B00C09D83 /* WeatherUITests.xctest */ = {isa = PBXFileReference; explicitFileType = wrapper.cfbundle; includeInIndex = 0; path = WeatherUITests.xctest; sourceTree = BUILT_PRODUCTS_DIR; };
		B39F9AC42CC61E2400C09D83 /* BaseKit */ = {isa = PBXFileReference; lastKnownFileType = wrapper; path = BaseKit; sourceTree = "<group>"; };
/* End PBXFileReference section */

/* Begin PBXFileSystemSynchronizedBuildFileExceptionSet section */
		B39F9AB32CC61A6D00C09D83 /* Exceptions for "Shared" folder in "Weather" target */ = {
			isa = PBXFileSystemSynchronizedBuildFileExceptionSet;
			membershipExceptions = (
				WeatherTests/WeatherTests.swift,
				WeatherUITests/WeatherUITests.swift,
				WeatherUITests/WeatherUITestsLaunchTests.swift,
			);
			target = B39F9A362CC6145A00C09D83 /* Weather */;
		};
		B39F9AB42CC61A6D00C09D83 /* Exceptions for "Shared" folder in "WeatherTests" target */ = {
			isa = PBXFileSystemSynchronizedBuildFileExceptionSet;
			membershipExceptions = (
				WeatherTests/WeatherTests.swift,
			);
			target = B39F9A462CC6145B00C09D83 /* WeatherTests */;
		};
		B39F9AB52CC61A6D00C09D83 /* Exceptions for "Shared" folder in "WeatherUITests" target */ = {
			isa = PBXFileSystemSynchronizedBuildFileExceptionSet;
			membershipExceptions = (
				WeatherUITests/WeatherUITests.swift,
				WeatherUITests/WeatherUITestsLaunchTests.swift,
			);
			target = B39F9A502CC6145B00C09D83 /* WeatherUITests */;
		};
/* End PBXFileSystemSynchronizedBuildFileExceptionSet section */

/* Begin PBXFileSystemSynchronizedRootGroup section */
		B39F9AA72CC61A4200C09D83 /* Shared */ = {
			isa = PBXFileSystemSynchronizedRootGroup;
			exceptions = (
				B39F9AB32CC61A6D00C09D83 /* Exceptions for "Shared" folder in "Weather" target */,
				B39F9AB42CC61A6D00C09D83 /* Exceptions for "Shared" folder in "WeatherTests" target */,
				B39F9AB52CC61A6D00C09D83 /* Exceptions for "Shared" folder in "WeatherUITests" target */,
			);
			path = Shared;
			sourceTree = "<group>";
		};
/* End PBXFileSystemSynchronizedRootGroup section */

/* Begin PBXFrameworksBuildPhase section */
		B39F9A342CC6145A00C09D83 /* Frameworks */ = {
			isa = PBXFrameworksBuildPhase;
			buildActionMask = 2147483647;
			files = (
				B31E1C032CC62BAF008091F4 /* NetworkKit in Frameworks */,
				B39F9ABD2CC61CB600C09D83 /* BaseKit in Frameworks */,
				B39F9AB92CC61BF300C09D83 /* BaseKit in Frameworks */,
			);
			runOnlyForDeploymentPostprocessing = 0;
		};
		B39F9A442CC6145B00C09D83 /* Frameworks */ = {
			isa = PBXFrameworksBuildPhase;
			buildActionMask = 2147483647;
			files = (
			);
			runOnlyForDeploymentPostprocessing = 0;
		};
		B39F9A4E2CC6145B00C09D83 /* Frameworks */ = {
			isa = PBXFrameworksBuildPhase;
			buildActionMask = 2147483647;
			files = (
			);
			runOnlyForDeploymentPostprocessing = 0;
		};
/* End PBXFrameworksBuildPhase section */

/* Begin PBXGroup section */
		B39F9A2E2CC6145A00C09D83 = {
			isa = PBXGroup;
			children = (
				B31E1C042CC62BCE008091F4 /* NetworkKit */,
				B39F9AC42CC61E2400C09D83 /* BaseKit */,
				B39F9AA72CC61A4200C09D83 /* Shared */,
				B39F9A382CC6145A00C09D83 /* Products */,
			);
			sourceTree = "<group>";
		};
		B39F9A382CC6145A00C09D83 /* Products */ = {
			isa = PBXGroup;
			children = (
				B39F9A372CC6145A00C09D83 /* Weather.app */,
				B39F9A472CC6145B00C09D83 /* WeatherTests.xctest */,
				B39F9A512CC6145B00C09D83 /* WeatherUITests.xctest */,
			);
			name = Products;
			sourceTree = "<group>";
		};
/* End PBXGroup section */

/* Begin PBXNativeTarget section */
		B39F9A362CC6145A00C09D83 /* Weather */ = {
			isa = PBXNativeTarget;
			buildConfigurationList = B39F9A5B2CC6145B00C09D83 /* Build configuration list for PBXNativeTarget "Weather" */;
			buildPhases = (
				B39F9A332CC6145A00C09D83 /* Sources */,
				B39F9A342CC6145A00C09D83 /* Frameworks */,
				B39F9A352CC6145A00C09D83 /* Resources */,
			);
			buildRules = (
			);
			dependencies = (
			);
			fileSystemSynchronizedGroups = (
				B39F9AA72CC61A4200C09D83 /* Shared */,
			);
			name = Weather;
			packageProductDependencies = (
				B39F9AB82CC61BF300C09D83 /* BaseKit */,
				B39F9ABC2CC61CB600C09D83 /* BaseKit */,
				B31E1C022CC62BAF008091F4 /* NetworkKit */,
			);
			productName = Weather;
			productReference = B39F9A372CC6145A00C09D83 /* Weather.app */;
			productType = "com.apple.product-type.application";
		};
		B39F9A462CC6145B00C09D83 /* WeatherTests */ = {
			isa = PBXNativeTarget;
			buildConfigurationList = B39F9A5E2CC6145B00C09D83 /* Build configuration list for PBXNativeTarget "WeatherTests" */;
			buildPhases = (
				B39F9A432CC6145B00C09D83 /* Sources */,
				B39F9A442CC6145B00C09D83 /* Frameworks */,
				B39F9A452CC6145B00C09D83 /* Resources */,
			);
			buildRules = (
			);
			dependencies = (
				B39F9A492CC6145B00C09D83 /* PBXTargetDependency */,
			);
			name = WeatherTests;
			packageProductDependencies = (
			);
			productName = WeatherTests;
			productReference = B39F9A472CC6145B00C09D83 /* WeatherTests.xctest */;
			productType = "com.apple.product-type.bundle.unit-test";
		};
		B39F9A502CC6145B00C09D83 /* WeatherUITests */ = {
			isa = PBXNativeTarget;
			buildConfigurationList = B39F9A612CC6145B00C09D83 /* Build configuration list for PBXNativeTarget "WeatherUITests" */;
			buildPhases = (
				B39F9A4D2CC6145B00C09D83 /* Sources */,
				B39F9A4E2CC6145B00C09D83 /* Frameworks */,
				B39F9A4F2CC6145B00C09D83 /* Resources */,
			);
			buildRules = (
			);
			dependencies = (
				B39F9A532CC6145B00C09D83 /* PBXTargetDependency */,
			);
			name = WeatherUITests;
			packageProductDependencies = (
			);
			productName = WeatherUITests;
			productReference = B39F9A512CC6145B00C09D83 /* WeatherUITests.xctest */;
			productType = "com.apple.product-type.bundle.ui-testing";
		};
/* End PBXNativeTarget section */

/* Begin PBXProject section */
		B39F9A2F2CC6145A00C09D83 /* Project object */ = {
			isa = PBXProject;
			attributes = {
				BuildIndependentTargetsInParallel = 1;
				LastSwiftUpdateCheck = 1600;
				LastUpgradeCheck = 1600;
				TargetAttributes = {
					B39F9A362CC6145A00C09D83 = {
						CreatedOnToolsVersion = 16.0;
					};
					B39F9A462CC6145B00C09D83 = {
						CreatedOnToolsVersion = 16.0;
						TestTargetID = B39F9A362CC6145A00C09D83;
					};
					B39F9A502CC6145B00C09D83 = {
						CreatedOnToolsVersion = 16.0;
						TestTargetID = B39F9A362CC6145A00C09D83;
					};
				};
			};
			buildConfigurationList = B39F9A322CC6145A00C09D83 /* Build configuration list for PBXProject "Weather" */;
			developmentRegion = en;
			hasScannedForEncodings = 0;
			knownRegions = (
				en,
				Base,
			);
			mainGroup = B39F9A2E2CC6145A00C09D83;
			minimizedProjectReferenceProxies = 1;
			packageReferences = (
				B39F9ABB2CC61CB600C09D83 /* XCLocalSwiftPackageReference "BaseKit" */,
				B31E1C012CC62BAF008091F4 /* XCLocalSwiftPackageReference "NetworkKit" */,
			);
			preferredProjectObjectVersion = 77;
			productRefGroup = B39F9A382CC6145A00C09D83 /* Products */;
			projectDirPath = "";
			projectRoot = "";
			targets = (
				B39F9A362CC6145A00C09D83 /* Weather */,
				B39F9A462CC6145B00C09D83 /* WeatherTests */,
				B39F9A502CC6145B00C09D83 /* WeatherUITests */,
			);
		};
/* End PBXProject section */

/* Begin PBXResourcesBuildPhase section */
		B39F9A352CC6145A00C09D83 /* Resources */ = {
			isa = PBXResourcesBuildPhase;
			buildActionMask = 2147483647;
			files = (
				B39F9AC52CC61E2400C09D83 /* BaseKit in Resources */,
			);
			runOnlyForDeploymentPostprocessing = 0;
		};
		B39F9A452CC6145B00C09D83 /* Resources */ = {
			isa = PBXResourcesBuildPhase;
			buildActionMask = 2147483647;
			files = (
			);
			runOnlyForDeploymentPostprocessing = 0;
		};
		B39F9A4F2CC6145B00C09D83 /* Resources */ = {
			isa = PBXResourcesBuildPhase;
			buildActionMask = 2147483647;
			files = (
			);
			runOnlyForDeploymentPostprocessing = 0;
		};
/* End PBXResourcesBuildPhase section */

/* Begin PBXSourcesBuildPhase section */
		B39F9A332CC6145A00C09D83 /* Sources */ = {
			isa = PBXSourcesBuildPhase;
			buildActionMask = 2147483647;
			files = (
			);
			runOnlyForDeploymentPostprocessing = 0;
		};
		B39F9A432CC6145B00C09D83 /* Sources */ = {
			isa = PBXSourcesBuildPhase;
			buildActionMask = 2147483647;
			files = (
			);
			runOnlyForDeploymentPostprocessing = 0;
		};
		B39F9A4D2CC6145B00C09D83 /* Sources */ = {
			isa = PBXSourcesBuildPhase;
			buildActionMask = 2147483647;
			files = (
			);
			runOnlyForDeploymentPostprocessing = 0;
		};
/* End PBXSourcesBuildPhase section */

/* Begin PBXTargetDependency section */
		B39F9A492CC6145B00C09D83 /* PBXTargetDependency */ = {
			isa = PBXTargetDependency;
			target = B39F9A362CC6145A00C09D83 /* Weather */;
			targetProxy = B39F9A482CC6145B00C09D83 /* PBXContainerItemProxy */;
		};
		B39F9A532CC6145B00C09D83 /* PBXTargetDependency */ = {
			isa = PBXTargetDependency;
			target = B39F9A362CC6145A00C09D83 /* Weather */;
			targetProxy = B39F9A522CC6145B00C09D83 /* PBXContainerItemProxy */;
		};
/* End PBXTargetDependency section */

/* Begin XCBuildConfiguration section */
		B39F9A592CC6145B00C09D83 /* Debug */ = {
			isa = XCBuildConfiguration;
			buildSettings = {
				ALWAYS_SEARCH_USER_PATHS = NO;
				ASSETCATALOG_COMPILER_GENERATE_SWIFT_ASSET_SYMBOL_EXTENSIONS = YES;
				CLANG_ANALYZER_NONNULL = YES;
				CLANG_ANALYZER_NUMBER_OBJECT_CONVERSION = YES_AGGRESSIVE;
				CLANG_CXX_LANGUAGE_STANDARD = "gnu++20";
				CLANG_ENABLE_MODULES = YES;
				CLANG_ENABLE_OBJC_ARC = YES;
				CLANG_ENABLE_OBJC_WEAK = YES;
				CLANG_WARN_BLOCK_CAPTURE_AUTORELEASING = YES;
				CLANG_WARN_BOOL_CONVERSION = YES;
				CLANG_WARN_COMMA = YES;
				CLANG_WARN_CONSTANT_CONVERSION = YES;
				CLANG_WARN_DEPRECATED_OBJC_IMPLEMENTATIONS = YES;
				CLANG_WARN_DIRECT_OBJC_ISA_USAGE = YES_ERROR;
				CLANG_WARN_DOCUMENTATION_COMMENTS = YES;
				CLANG_WARN_EMPTY_BODY = YES;
				CLANG_WARN_ENUM_CONVERSION = YES;
				CLANG_WARN_INFINITE_RECURSION = YES;
				CLANG_WARN_INT_CONVERSION = YES;
				CLANG_WARN_NON_LITERAL_NULL_CONVERSION = YES;
				CLANG_WARN_OBJC_IMPLICIT_RETAIN_SELF = YES;
				CLANG_WARN_OBJC_LITERAL_CONVERSION = YES;
				CLANG_WARN_OBJC_ROOT_CLASS = YES_ERROR;
				CLANG_WARN_QUOTED_INCLUDE_IN_FRAMEWORK_HEADER = YES;
				CLANG_WARN_RANGE_LOOP_ANALYSIS = YES;
				CLANG_WARN_STRICT_PROTOTYPES = YES;
				CLANG_WARN_SUSPICIOUS_MOVE = YES;
				CLANG_WARN_UNGUARDED_AVAILABILITY = YES_AGGRESSIVE;
				CLANG_WARN_UNREACHABLE_CODE = YES;
				CLANG_WARN__DUPLICATE_METHOD_MATCH = YES;
				COPY_PHASE_STRIP = NO;
				DEBUG_INFORMATION_FORMAT = dwarf;
				ENABLE_STRICT_OBJC_MSGSEND = YES;
				ENABLE_TESTABILITY = YES;
				ENABLE_USER_SCRIPT_SANDBOXING = YES;
				GCC_C_LANGUAGE_STANDARD = gnu17;
				GCC_DYNAMIC_NO_PIC = NO;
				GCC_NO_COMMON_BLOCKS = YES;
				GCC_OPTIMIZATION_LEVEL = 0;
				GCC_PREPROCESSOR_DEFINITIONS = (
					"DEBUG=1",
					"$(inherited)",
				);
				GCC_WARN_64_TO_32_BIT_CONVERSION = YES;
				GCC_WARN_ABOUT_RETURN_TYPE = YES_ERROR;
				GCC_WARN_UNDECLARED_SELECTOR = YES;
				GCC_WARN_UNINITIALIZED_AUTOS = YES_AGGRESSIVE;
				GCC_WARN_UNUSED_FUNCTION = YES;
				GCC_WARN_UNUSED_VARIABLE = YES;
				IPHONEOS_DEPLOYMENT_TARGET = 18.0;
				LOCALIZATION_PREFERS_STRING_CATALOGS = YES;
				MTL_ENABLE_DEBUG_INFO = INCLUDE_SOURCE;
				MTL_FAST_MATH = YES;
				ONLY_ACTIVE_ARCH = YES;
				SDKROOT = iphoneos;
				SWIFT_ACTIVE_COMPILATION_CONDITIONS = "DEBUG $(inherited)";
				SWIFT_OPTIMIZATION_LEVEL = "-Onone";
			};
			name = Debug;
		};
		B39F9A5A2CC6145B00C09D83 /* Release */ = {
			isa = XCBuildConfiguration;
			buildSettings = {
				ALWAYS_SEARCH_USER_PATHS = NO;
				ASSETCATALOG_COMPILER_GENERATE_SWIFT_ASSET_SYMBOL_EXTENSIONS = YES;
				CLANG_ANALYZER_NONNULL = YES;
				CLANG_ANALYZER_NUMBER_OBJECT_CONVERSION = YES_AGGRESSIVE;
				CLANG_CXX_LANGUAGE_STANDARD = "gnu++20";
				CLANG_ENABLE_MODULES = YES;
				CLANG_ENABLE_OBJC_ARC = YES;
				CLANG_ENABLE_OBJC_WEAK = YES;
				CLANG_WARN_BLOCK_CAPTURE_AUTORELEASING = YES;
				CLANG_WARN_BOOL_CONVERSION = YES;
				CLANG_WARN_COMMA = YES;
				CLANG_WARN_CONSTANT_CONVERSION = YES;
				CLANG_WARN_DEPRECATED_OBJC_IMPLEMENTATIONS = YES;
				CLANG_WARN_DIRECT_OBJC_ISA_USAGE = YES_ERROR;
				CLANG_WARN_DOCUMENTATION_COMMENTS = YES;
				CLANG_WARN_EMPTY_BODY = YES;
				CLANG_WARN_ENUM_CONVERSION = YES;
				CLANG_WARN_INFINITE_RECURSION = YES;
				CLANG_WARN_INT_CONVERSION = YES;
				CLANG_WARN_NON_LITERAL_NULL_CONVERSION = YES;
				CLANG_WARN_OBJC_IMPLICIT_RETAIN_SELF = YES;
				CLANG_WARN_OBJC_LITERAL_CONVERSION = YES;
				CLANG_WARN_OBJC_ROOT_CLASS = YES_ERROR;
				CLANG_WARN_QUOTED_INCLUDE_IN_FRAMEWORK_HEADER = YES;
				CLANG_WARN_RANGE_LOOP_ANALYSIS = YES;
				CLANG_WARN_STRICT_PROTOTYPES = YES;
				CLANG_WARN_SUSPICIOUS_MOVE = YES;
				CLANG_WARN_UNGUARDED_AVAILABILITY = YES_AGGRESSIVE;
				CLANG_WARN_UNREACHABLE_CODE = YES;
				CLANG_WARN__DUPLICATE_METHOD_MATCH = YES;
				COPY_PHASE_STRIP = NO;
				DEBUG_INFORMATION_FORMAT = "dwarf-with-dsym";
				ENABLE_NS_ASSERTIONS = NO;
				ENABLE_STRICT_OBJC_MSGSEND = YES;
				ENABLE_USER_SCRIPT_SANDBOXING = YES;
				GCC_C_LANGUAGE_STANDARD = gnu17;
				GCC_NO_COMMON_BLOCKS = YES;
				GCC_WARN_64_TO_32_BIT_CONVERSION = YES;
				GCC_WARN_ABOUT_RETURN_TYPE = YES_ERROR;
				GCC_WARN_UNDECLARED_SELECTOR = YES;
				GCC_WARN_UNINITIALIZED_AUTOS = YES_AGGRESSIVE;
				GCC_WARN_UNUSED_FUNCTION = YES;
				GCC_WARN_UNUSED_VARIABLE = YES;
				IPHONEOS_DEPLOYMENT_TARGET = 18.0;
				LOCALIZATION_PREFERS_STRING_CATALOGS = YES;
				MTL_ENABLE_DEBUG_INFO = NO;
				MTL_FAST_MATH = YES;
				SDKROOT = iphoneos;
				SWIFT_COMPILATION_MODE = wholemodule;
				VALIDATE_PRODUCT = YES;
			};
			name = Release;
		};
		B39F9A5C2CC6145B00C09D83 /* Debug */ = {
			isa = XCBuildConfiguration;
			buildSettings = {
				ASSETCATALOG_COMPILER_APPICON_NAME = AppIcon;
				ASSETCATALOG_COMPILER_GLOBAL_ACCENT_COLOR_NAME = AccentColor;
				CODE_SIGN_STYLE = Automatic;
				CURRENT_PROJECT_VERSION = 1;
				DEVELOPMENT_ASSET_PATHS = "\"Shared/Resources/Preview Content\"";
				DEVELOPMENT_TEAM = KJZPA3T2S5;
				ENABLE_PREVIEWS = YES;
				GENERATE_INFOPLIST_FILE = YES;
				INFOPLIST_KEY_NSLocationWhenInUseUsageDescription = "지도 서비스제공을 위해 권한을 허가해주세요.";
				INFOPLIST_KEY_UIApplicationSceneManifest_Generation = YES;
				INFOPLIST_KEY_UIApplicationSupportsIndirectInputEvents = YES;
				INFOPLIST_KEY_UILaunchScreen_Generation = YES;
				INFOPLIST_KEY_UISupportedInterfaceOrientations_iPad = "UIInterfaceOrientationPortrait UIInterfaceOrientationPortraitUpsideDown UIInterfaceOrientationLandscapeLeft UIInterfaceOrientationLandscapeRight";
				INFOPLIST_KEY_UISupportedInterfaceOrientations_iPhone = "UIInterfaceOrientationPortrait UIInterfaceOrientationLandscapeLeft UIInterfaceOrientationLandscapeRight";
				LD_RUNPATH_SEARCH_PATHS = (
					"$(inherited)",
					"@executable_path/Frameworks",
				);
				MARKETING_VERSION = 1.0;
				PRODUCT_BUNDLE_IDENTIFIER = com.jerry.Weather;
				PRODUCT_NAME = "$(TARGET_NAME)";
				SWIFT_EMIT_LOC_STRINGS = YES;
				SWIFT_VERSION = 5.0;
				TARGETED_DEVICE_FAMILY = "1,2";
			};
			name = Debug;
		};
		B39F9A5D2CC6145B00C09D83 /* Release */ = {
			isa = XCBuildConfiguration;
			buildSettings = {
				ASSETCATALOG_COMPILER_APPICON_NAME = AppIcon;
				ASSETCATALOG_COMPILER_GLOBAL_ACCENT_COLOR_NAME = AccentColor;
				CODE_SIGN_STYLE = Automatic;
				CURRENT_PROJECT_VERSION = 1;
				DEVELOPMENT_ASSET_PATHS = "\"Shared/Resources/Preview Content\"";
				DEVELOPMENT_TEAM = KJZPA3T2S5;
				ENABLE_PREVIEWS = YES;
				GENERATE_INFOPLIST_FILE = YES;
				INFOPLIST_KEY_NSLocationWhenInUseUsageDescription = "지도 서비스제공을 위해 권한을 허가해주세요.";
				INFOPLIST_KEY_UIApplicationSceneManifest_Generation = YES;
				INFOPLIST_KEY_UIApplicationSupportsIndirectInputEvents = YES;
				INFOPLIST_KEY_UILaunchScreen_Generation = YES;
				INFOPLIST_KEY_UISupportedInterfaceOrientations_iPad = "UIInterfaceOrientationPortrait UIInterfaceOrientationPortraitUpsideDown UIInterfaceOrientationLandscapeLeft UIInterfaceOrientationLandscapeRight";
				INFOPLIST_KEY_UISupportedInterfaceOrientations_iPhone = "UIInterfaceOrientationPortrait UIInterfaceOrientationLandscapeLeft UIInterfaceOrientationLandscapeRight";
				LD_RUNPATH_SEARCH_PATHS = (
					"$(inherited)",
					"@executable_path/Frameworks",
				);
				MARKETING_VERSION = 1.0;
				PRODUCT_BUNDLE_IDENTIFIER = com.jerry.Weather;
				PRODUCT_NAME = "$(TARGET_NAME)";
				SWIFT_EMIT_LOC_STRINGS = YES;
				SWIFT_VERSION = 5.0;
				TARGETED_DEVICE_FAMILY = "1,2";
			};
			name = Release;
		};
		B39F9A5F2CC6145B00C09D83 /* Debug */ = {
			isa = XCBuildConfiguration;
			buildSettings = {
				BUNDLE_LOADER = "$(TEST_HOST)";
				CODE_SIGN_STYLE = Automatic;
				CURRENT_PROJECT_VERSION = 1;
				DEVELOPMENT_TEAM = KJZPA3T2S5;
				GENERATE_INFOPLIST_FILE = YES;
				IPHONEOS_DEPLOYMENT_TARGET = 18.0;
				MARKETING_VERSION = 1.0;
				PRODUCT_BUNDLE_IDENTIFIER = com.jerry.WeatherTests;
				PRODUCT_NAME = "$(TARGET_NAME)";
				SWIFT_EMIT_LOC_STRINGS = NO;
				SWIFT_VERSION = 5.0;
				TARGETED_DEVICE_FAMILY = "1,2";
				TEST_HOST = "$(BUILT_PRODUCTS_DIR)/Weather.app/$(BUNDLE_EXECUTABLE_FOLDER_PATH)/Weather";
			};
			name = Debug;
		};
		B39F9A602CC6145B00C09D83 /* Release */ = {
			isa = XCBuildConfiguration;
			buildSettings = {
				BUNDLE_LOADER = "$(TEST_HOST)";
				CODE_SIGN_STYLE = Automatic;
				CURRENT_PROJECT_VERSION = 1;
				DEVELOPMENT_TEAM = KJZPA3T2S5;
				GENERATE_INFOPLIST_FILE = YES;
				IPHONEOS_DEPLOYMENT_TARGET = 18.0;
				MARKETING_VERSION = 1.0;
				PRODUCT_BUNDLE_IDENTIFIER = com.jerry.WeatherTests;
				PRODUCT_NAME = "$(TARGET_NAME)";
				SWIFT_EMIT_LOC_STRINGS = NO;
				SWIFT_VERSION = 5.0;
				TARGETED_DEVICE_FAMILY = "1,2";
				TEST_HOST = "$(BUILT_PRODUCTS_DIR)/Weather.app/$(BUNDLE_EXECUTABLE_FOLDER_PATH)/Weather";
			};
			name = Release;
		};
		B39F9A622CC6145B00C09D83 /* Debug */ = {
			isa = XCBuildConfiguration;
			buildSettings = {
				CODE_SIGN_STYLE = Automatic;
				CURRENT_PROJECT_VERSION = 1;
				DEVELOPMENT_TEAM = KJZPA3T2S5;
				GENERATE_INFOPLIST_FILE = YES;
				MARKETING_VERSION = 1.0;
				PRODUCT_BUNDLE_IDENTIFIER = com.jerry.WeatherUITests;
				PRODUCT_NAME = "$(TARGET_NAME)";
				SWIFT_EMIT_LOC_STRINGS = NO;
				SWIFT_VERSION = 5.0;
				TARGETED_DEVICE_FAMILY = "1,2";
				TEST_TARGET_NAME = Weather;
			};
			name = Debug;
		};
		B39F9A632CC6145B00C09D83 /* Release */ = {
			isa = XCBuildConfiguration;
			buildSettings = {
				CODE_SIGN_STYLE = Automatic;
				CURRENT_PROJECT_VERSION = 1;
				DEVELOPMENT_TEAM = KJZPA3T2S5;
				GENERATE_INFOPLIST_FILE = YES;
				MARKETING_VERSION = 1.0;
				PRODUCT_BUNDLE_IDENTIFIER = com.jerry.WeatherUITests;
				PRODUCT_NAME = "$(TARGET_NAME)";
				SWIFT_EMIT_LOC_STRINGS = NO;
				SWIFT_VERSION = 5.0;
				TARGETED_DEVICE_FAMILY = "1,2";
				TEST_TARGET_NAME = Weather;
			};
			name = Release;
		};
/* End XCBuildConfiguration section */

/* Begin XCConfigurationList section */
		B39F9A322CC6145A00C09D83 /* Build configuration list for PBXProject "Weather" */ = {
			isa = XCConfigurationList;
			buildConfigurations = (
				B39F9A592CC6145B00C09D83 /* Debug */,
				B39F9A5A2CC6145B00C09D83 /* Release */,
			);
			defaultConfigurationIsVisible = 0;
			defaultConfigurationName = Release;
		};
		B39F9A5B2CC6145B00C09D83 /* Build configuration list for PBXNativeTarget "Weather" */ = {
			isa = XCConfigurationList;
			buildConfigurations = (
				B39F9A5C2CC6145B00C09D83 /* Debug */,
				B39F9A5D2CC6145B00C09D83 /* Release */,
			);
			defaultConfigurationIsVisible = 0;
			defaultConfigurationName = Release;
		};
		B39F9A5E2CC6145B00C09D83 /* Build configuration list for PBXNativeTarget "WeatherTests" */ = {
			isa = XCConfigurationList;
			buildConfigurations = (
				B39F9A5F2CC6145B00C09D83 /* Debug */,
				B39F9A602CC6145B00C09D83 /* Release */,
			);
			defaultConfigurationIsVisible = 0;
			defaultConfigurationName = Release;
		};
		B39F9A612CC6145B00C09D83 /* Build configuration list for PBXNativeTarget "WeatherUITests" */ = {
			isa = XCConfigurationList;
			buildConfigurations = (
				B39F9A622CC6145B00C09D83 /* Debug */,
				B39F9A632CC6145B00C09D83 /* Release */,
			);
			defaultConfigurationIsVisible = 0;
			defaultConfigurationName = Release;
		};
/* End XCConfigurationList section */

/* Begin XCLocalSwiftPackageReference section */
		B31E1C012CC62BAF008091F4 /* XCLocalSwiftPackageReference "NetworkKit" */ = {
			isa = XCLocalSwiftPackageReference;
			relativePath = NetworkKit;
		};
		B39F9ABB2CC61CB600C09D83 /* XCLocalSwiftPackageReference "BaseKit" */ = {
			isa = XCLocalSwiftPackageReference;
			relativePath = BaseKit;
		};
/* End XCLocalSwiftPackageReference section */

/* Begin XCSwiftPackageProductDependency section */
		B31E1C022CC62BAF008091F4 /* NetworkKit */ = {
			isa = XCSwiftPackageProductDependency;
			productName = NetworkKit;
		};
		B39F9AB82CC61BF300C09D83 /* BaseKit */ = {
			isa = XCSwiftPackageProductDependency;
			productName = BaseKit;
		};
		B39F9ABC2CC61CB600C09D83 /* BaseKit */ = {
			isa = XCSwiftPackageProductDependency;
			productName = BaseKit;
		};
/* End XCSwiftPackageProductDependency section */
	};
	rootObject = B39F9A2F2CC6145A00C09D83 /* Project object */;
}
